
Microsoft Visual Studio Solution File, Format Version 12.00
# Visual Studio Version 17
VisualStudioVersion = 17.12.35506.116
MinimumVisualStudioVersion = 10.0.40219.1
Project("{FAE04EC0-301F-11D3-BF4B-00C04F79EFBC}") = "LACrimes.EF", "LACrimes.EF\LACrimes.EF.csproj", "{AC7D3D6A-E0C1-4423-863F-E8C9DF3CCAF9}"
EndProject
Project("{FAE04EC0-301F-11D3-BF4B-00C04F79EFBC}") = "LACrimes.Model", "LACrimes.Model\LACrimes.Model.csproj", "{01DE9F38-B626-4E25-9430-566B706FBC08}"
EndProject
Project("{FAE04EC0-301F-11D3-BF4B-00C04F79EFBC}") = "LACrimes.Tests", "LACrimes.Tests\LACrimes.Tests.csproj", "{FC919617-5032-45ED-8BAC-4E4489629CFE}"
EndProject
Project("{FAE04EC0-301F-11D3-BF4B-00C04F79EFBC}") = "LACrimes.WebBlazor", "LACrimes.WebBlazor\LACrimes.WebBlazor\LACrimes.WebBlazor.csproj", "{6B063396-146E-4061-A686-ACD6549E5963}"
EndProject
Project("{FAE04EC0-301F-11D3-BF4B-00C04F79EFBC}") = "LACrimes.WebBlazor.Client", "LACrimes.WebBlazor\LACrimes.WebBlazor.Client\LACrimes.WebBlazor.Client.csproj", "{E9259F5D-DD4F-4AB8-B3EA-FB725384D88A}"
EndProject
Global
	GlobalSection(SolutionConfigurationPlatforms) = preSolution
		Debug|Any CPU = Debug|Any CPU
		Release|Any CPU = Release|Any CPU
	EndGlobalSection
	GlobalSection(ProjectConfigurationPlatforms) = postSolution
		{AC7D3D6A-E0C1-4423-863F-E8C9DF3CCAF9}.Debug|Any CPU.ActiveCfg = Debug|Any CPU
		{AC7D3D6A-E0C1-4423-863F-E8C9DF3CCAF9}.Debug|Any CPU.Build.0 = Debug|Any CPU
		{AC7D3D6A-E0C1-4423-863F-E8C9DF3CCAF9}.Release|Any CPU.ActiveCfg = Release|Any CPU
		{AC7D3D6A-E0C1-4423-863F-E8C9DF3CCAF9}.Release|Any CPU.Build.0 = Release|Any CPU
		{01DE9F38-B626-4E25-9430-566B706FBC08}.Debug|Any CPU.ActiveCfg = Debug|Any CPU
		{01DE9F38-B626-4E25-9430-566B706FBC08}.Debug|Any CPU.Build.0 = Debug|Any CPU
		{01DE9F38-B626-4E25-9430-566B706FBC08}.Release|Any CPU.ActiveCfg = Release|Any CPU
		{01DE9F38-B626-4E25-9430-566B706FBC08}.Release|Any CPU.Build.0 = Release|Any CPU
		{FC919617-5032-45ED-8BAC-4E4489629CFE}.Debug|Any CPU.ActiveCfg = Debug|Any CPU
		{FC919617-5032-45ED-8BAC-4E4489629CFE}.Debug|Any CPU.Build.0 = Debug|Any CPU
		{FC919617-5032-45ED-8BAC-4E4489629CFE}.Release|Any CPU.ActiveCfg = Release|Any CPU
		{FC919617-5032-45ED-8BAC-4E4489629CFE}.Release|Any CPU.Build.0 = Release|Any CPU
		{6B063396-146E-4061-A686-ACD6549E5963}.Debug|Any CPU.ActiveCfg = Debug|Any CPU
		{6B063396-146E-4061-A686-ACD6549E5963}.Debug|Any CPU.Build.0 = Debug|Any CPU
		{6B063396-146E-4061-A686-ACD6549E5963}.Release|Any CPU.ActiveCfg = Release|Any CPU
		{6B063396-146E-4061-A686-ACD6549E5963}.Release|Any CPU.Build.0 = Release|Any CPU
		{E9259F5D-DD4F-4AB8-B3EA-FB725384D88A}.Debug|Any CPU.ActiveCfg = Debug|Any CPU
		{E9259F5D-DD4F-4AB8-B3EA-FB725384D88A}.Debug|Any CPU.Build.0 = Debug|Any CPU
		{E9259F5D-DD4F-4AB8-B3EA-FB725384D88A}.Release|Any CPU.ActiveCfg = Release|Any CPU
		{E9259F5D-DD4F-4AB8-B3EA-FB725384D88A}.Release|Any CPU.Build.0 = Release|Any CPU
	EndGlobalSection
	GlobalSection(SolutionProperties) = preSolution
		HideSolutionNode = FALSE
	EndGlobalSection
EndGlobal
